
Microsoft Visual Studio Solution File, Format Version 12.00
# Visual Studio Version 16
VisualStudioVersion = 16.0.29806.167
MinimumVisualStudioVersion = 10.0.40219.1
Project("{FAE04EC0-301F-11D3-BF4B-00C04F79EFBC}") = "VISMA.TestTask.Web", "VISMA.TestTask.Web\VISMA.TestTask.Web.csproj", "{6F280A96-5078-4A19-A895-6A6F8294DB91}"
EndProject
Project("{FAE04EC0-301F-11D3-BF4B-00C04F79EFBC}") = "VISMA.TestTask.Data", "VISMA.TestTask.Data\VISMA.TestTask.Data.csproj", "{CF08C902-0CD1-48DF-AE8E-9AABE4C95DCB}"
EndProject
Project("{FAE04EC0-301F-11D3-BF4B-00C04F79EFBC}") = "VISMA.TestTask.Core", "VISMA.TestTask.Core\VISMA.TestTask.Core.csproj", "{6966AF6A-DED5-4707-8319-7C5E3D3BA322}"
EndProject
Project("{FAE04EC0-301F-11D3-BF4B-00C04F79EFBC}") = "VISMA.TestTask.Tests", "VISMA.TestTask.Tests\VISMA.TestTask.Tests.csproj", "{18624C85-77AB-4A54-A45E-0A4E9AFB9C22}"
EndProject
Global
	GlobalSection(SolutionConfigurationPlatforms) = preSolution
		Debug|Any CPU = Debug|Any CPU
		Release|Any CPU = Release|Any CPU
	EndGlobalSection
	GlobalSection(ProjectConfigurationPlatforms) = postSolution
		{6F280A96-5078-4A19-A895-6A6F8294DB91}.Debug|Any CPU.ActiveCfg = Debug|Any CPU
		{6F280A96-5078-4A19-A895-6A6F8294DB91}.Debug|Any CPU.Build.0 = Debug|Any CPU
		{6F280A96-5078-4A19-A895-6A6F8294DB91}.Release|Any CPU.ActiveCfg = Release|Any CPU
		{6F280A96-5078-4A19-A895-6A6F8294DB91}.Release|Any CPU.Build.0 = Release|Any CPU
		{CF08C902-0CD1-48DF-AE8E-9AABE4C95DCB}.Debug|Any CPU.ActiveCfg = Debug|Any CPU
		{CF08C902-0CD1-48DF-AE8E-9AABE4C95DCB}.Debug|Any CPU.Build.0 = Debug|Any CPU
		{CF08C902-0CD1-48DF-AE8E-9AABE4C95DCB}.Release|Any CPU.ActiveCfg = Release|Any CPU
		{CF08C902-0CD1-48DF-AE8E-9AABE4C95DCB}.Release|Any CPU.Build.0 = Release|Any CPU
		{6966AF6A-DED5-4707-8319-7C5E3D3BA322}.Debug|Any CPU.ActiveCfg = Debug|Any CPU
		{6966AF6A-DED5-4707-8319-7C5E3D3BA322}.Debug|Any CPU.Build.0 = Debug|Any CPU
		{6966AF6A-DED5-4707-8319-7C5E3D3BA322}.Release|Any CPU.ActiveCfg = Release|Any CPU
		{6966AF6A-DED5-4707-8319-7C5E3D3BA322}.Release|Any CPU.Build.0 = Release|Any CPU
		{18624C85-77AB-4A54-A45E-0A4E9AFB9C22}.Debug|Any CPU.ActiveCfg = Debug|Any CPU
		{18624C85-77AB-4A54-A45E-0A4E9AFB9C22}.Debug|Any CPU.Build.0 = Debug|Any CPU
		{18624C85-77AB-4A54-A45E-0A4E9AFB9C22}.Release|Any CPU.ActiveCfg = Release|Any CPU
		{18624C85-77AB-4A54-A45E-0A4E9AFB9C22}.Release|Any CPU.Build.0 = Release|Any CPU
	EndGlobalSection
	GlobalSection(SolutionProperties) = preSolution
		HideSolutionNode = FALSE
	EndGlobalSection
	GlobalSection(ExtensibilityGlobals) = postSolution
		SolutionGuid = {33813880-F5A9-431B-9BFF-CD2575D354A1}
	EndGlobalSection
EndGlobal
